// !$*UTF8*$!
{
	archiveVersion = 1;
	classes = {
	};
	objectVersion = 50;
	objects = {

/* Begin PBXBuildFile section */
		FD3406FA219F396F0051BF86 /* problem2.cpp in Sources */ = {isa = PBXBuildFile; fileRef = FD3406F8219F396F0051BF86 /* problem2.cpp */; };
		FD3406FD219F41E30051BF86 /* problem2old.cpp in Sources */ = {isa = PBXBuildFile; fileRef = FD3406FB219F41E30051BF86 /* problem2old.cpp */; };
		FD340700219F42160051BF86 /* timeTest.cpp in Sources */ = {isa = PBXBuildFile; fileRef = FD3406FF219F42160051BF86 /* timeTest.cpp */; };
/* End PBXBuildFile section */

/* Begin PBXCopyFilesBuildPhase section */
		FD3406E8219F38360051BF86 /* CopyFiles */ = {
			isa = PBXCopyFilesBuildPhase;
			buildActionMask = 2147483647;
			dstPath = /usr/share/man/man1/;
			dstSubfolderSpec = 0;
			files = (
			);
			runOnlyForDeploymentPostprocessing = 1;
		};
/* End PBXCopyFilesBuildPhase section */

/* Begin PBXFileReference section */
		FD3406EA219F38360051BF86 /* CS355_Ass1_Problem2 */ = {isa = PBXFileReference; explicitFileType = "compiled.mach-o.executable"; includeInIndex = 0; path = CS355_Ass1_Problem2; sourceTree = BUILT_PRODUCTS_DIR; };
		FD3406F8219F396F0051BF86 /* problem2.cpp */ = {isa = PBXFileReference; lastKnownFileType = sourcecode.cpp.cpp; path = problem2.cpp; sourceTree = "<group>"; };
		FD3406FB219F41E30051BF86 /* problem2old.cpp */ = {isa = PBXFileReference; lastKnownFileType = sourcecode.cpp.cpp; path = problem2old.cpp; sourceTree = "<group>"; };
		FD3406FC219F41E30051BF86 /* problem2.hpp */ = {isa = PBXFileReference; lastKnownFileType = sourcecode.cpp.h; path = problem2.hpp; sourceTree = "<group>"; };
		FD3406FE219F42160051BF86 /* timeTest.h */ = {isa = PBXFileReference; fileEncoding = 4; lastKnownFileType = sourcecode.c.h; path = timeTest.h; sourceTree = "<group>"; };
		FD3406FF219F42160051BF86 /* timeTest.cpp */ = {isa = PBXFileReference; fileEncoding = 4; lastKnownFileType = sourcecode.cpp.cpp; path = timeTest.cpp; sourceTree = "<group>"; };
/* End PBXFileReference section */

/* Begin PBXFrameworksBuildPhase section */
		FD3406E7219F38360051BF86 /* Frameworks */ = {
			isa = PBXFrameworksBuildPhase;
			buildActionMask = 2147483647;
			files = (
			);
			runOnlyForDeploymentPostprocessing = 0;
		};
/* End PBXFrameworksBuildPhase section */

/* Begin PBXGroup section */
		FD3406E1219F38360051BF86 = {
			isa = PBXGroup;
			children = (
				FD3406EC219F38360051BF86 /* CS355_Ass1_Problem2 */,
				FD3406EB219F38360051BF86 /* Products */,
			);
			sourceTree = "<group>";
		};
		FD3406EB219F38360051BF86 /* Products */ = {
			isa = PBXGroup;
			children = (
				FD3406EA219F38360051BF86 /* CS355_Ass1_Problem2 */,
			);
			name = Products;
			sourceTree = "<group>";
		};
		FD3406EC219F38360051BF86 /* CS355_Ass1_Problem2 */ = {
			isa = PBXGroup;
			children = (
				FD3406F8219F396F0051BF86 /* problem2.cpp */,
				FD3406FB219F41E30051BF86 /* problem2old.cpp */,
				FD3406FF219F42160051BF86 /* timeTest.cpp */,
				FD3406FE219F42160051BF86 /* timeTest.h */,
				FD3406FC219F41E30051BF86 /* problem2.hpp */,
			);
			path = CS355_Ass1_Problem2;
			sourceTree = "<group>";
		};
/* End PBXGroup section */

/* Begin PBXNativeTarget section */
		FD3406E9219F38360051BF86 /* CS355_Ass1_Problem2 */ = {
			isa = PBXNativeTarget;
			buildConfigurationList = FD3406F1219F38360051BF86 /* Build configuration list for PBXNativeTarget "CS355_Ass1_Problem2" */;
			buildPhases = (
				FD3406E6219F38360051BF86 /* Sources */,
				FD3406E7219F38360051BF86 /* Frameworks */,
				FD3406E8219F38360051BF86 /* CopyFiles */,
			);
			buildRules = (
			);
			dependencies = (
			);
			name = CS355_Ass1_Problem2;
			productName = CS355_Ass1_Problem2;
			productReference = FD3406EA219F38360051BF86 /* CS355_Ass1_Problem2 */;
			productType = "com.apple.product-type.tool";
		};
/* End PBXNativeTarget section */

/* Begin PBXProject section */
		FD3406E2219F38360051BF86 /* Project object */ = {
			isa = PBXProject;
			attributes = {
				LastUpgradeCheck = 1000;
				ORGANIZATIONNAME = "Justin Grabowski";
				TargetAttributes = {
					FD3406E9219F38360051BF86 = {
						CreatedOnToolsVersion = 10.0;
					};
				};
			};
			buildConfigurationList = FD3406E5219F38360051BF86 /* Build configuration list for PBXProject "CS355_Ass1_Problem2" */;
			compatibilityVersion = "Xcode 9.3";
			developmentRegion = en;
			hasScannedForEncodings = 0;
			knownRegions = (
				en,
			);
			mainGroup = FD3406E1219F38360051BF86;
			productRefGroup = FD3406EB219F38360051BF86 /* Products */;
			projectDirPath = "";
			projectRoot = "";
			targets = (
				FD3406E9219F38360051BF86 /* CS355_Ass1_Problem2 */,
			);
		};
/* End PBXProject section */

/* Begin PBXSourcesBuildPhase section */
		FD3406E6219F38360051BF86 /* Sources */ = {
			isa = PBXSourcesBuildPhase;
			buildActionMask = 2147483647;
			files = (
				FD3406FD219F41E30051BF86 /* problem2old.cpp in Sources */,
				FD340700219F42160051BF86 /* timeTest.cpp in Sources */,
				FD3406FA219F396F0051BF86 /* problem2.cpp in Sources */,
			);
			runOnlyForDeploymentPostprocessing = 0;
		};
/* End PBXSourcesBuildPhase section */

/* Begin XCBuildConfiguration section */
		FD3406EF219F38360051BF86 /* Debug */ = {
			isa = XCBuildConfiguration;
			buildSettings = {
				ALWAYS_SEARCH_USER_PATHS = NO;
				CLANG_ANALYZER_NONNULL = YES;
				CLANG_ANALYZER_NUMBER_OBJECT_CONVERSION = YES_AGGRESSIVE;
				CLANG_CXX_LANGUAGE_STANDARD = "gnu++14";
				CLANG_CXX_LIBRARY = "libc++";
				CLANG_ENABLE_MODULES = YES;
				CLANG_ENABLE_OBJC_ARC = YES;
				CLANG_ENABLE_OBJC_WEAK = YES;
				CLANG_WARN_BLOCK_CAPTURE_AUTORELEASING = YES;
				CLANG_WARN_BOOL_CONVERSION = YES;
				CLANG_WARN_COMMA = YES;
				CLANG_WARN_CONSTANT_CONVERSION = YES;
				CLANG_WARN_DEPRECATED_OBJC_IMPLEMENTATIONS = YES;
				CLANG_WARN_DIRECT_OBJC_ISA_USAGE = YES_ERROR;
				CLANG_WARN_DOCUMENTATION_COMMENTS = YES;
				CLANG_WARN_EMPTY_BODY = YES;
				CLANG_WARN_ENUM_CONVERSION = YES;
				CLANG_WARN_INFINITE_RECURSION = YES;
				CLANG_WARN_INT_CONVERSION = YES;
				CLANG_WARN_NON_LITERAL_NULL_CONVERSION = YES;
				CLANG_WARN_OBJC_IMPLICIT_RETAIN_SELF = YES;
				CLANG_WARN_OBJC_LITERAL_CONVERSION = YES;
				CLANG_WARN_OBJC_ROOT_CLASS = YES_ERROR;
				CLANG_WARN_RANGE_LOOP_ANALYSIS = YES;
				CLANG_WARN_STRICT_PROTOTYPES = YES;
				CLANG_WARN_SUSPICIOUS_MOVE = YES;
				CLANG_WARN_UNGUARDED_AVAILABILITY = YES_AGGRESSIVE;
				CLANG_WARN_UNREACHABLE_CODE = YES;
				CLANG_WARN__DUPLICATE_METHOD_MATCH = YES;
				CODE_SIGN_IDENTITY = "-";
				COPY_PHASE_STRIP = NO;
				DEBUG_INFORMATION_FORMAT = dwarf;
				ENABLE_STRICT_OBJC_MSGSEND = YES;
				ENABLE_TESTABILITY = YES;
				GCC_C_LANGUAGE_STANDARD = gnu11;
				GCC_DYNAMIC_NO_PIC = NO;
				GCC_NO_COMMON_BLOCKS = YES;
				GCC_OPTIMIZATION_LEVEL = 0;
				GCC_PREPROCESSOR_DEFINITIONS = (
					"DEBUG=1",
					"$(inherited)",
				);
				GCC_WARN_64_TO_32_BIT_CONVERSION = YES;
				GCC_WARN_ABOUT_RETURN_TYPE = YES_ERROR;
				GCC_WARN_UNDECLARED_SELECTOR = YES;
				GCC_WARN_UNINITIALIZED_AUTOS = YES_AGGRESSIVE;
				GCC_WARN_UNUSED_FUNCTION = YES;
				GCC_WARN_UNUSED_VARIABLE = YES;
				MACOSX_DEPLOYMENT_TARGET = 10.14;
				MTL_ENABLE_DEBUG_INFO = INCLUDE_SOURCE;
				MTL_FAST_MATH = YES;
				ONLY_ACTIVE_ARCH = YES;
				SDKROOT = macosx;
			};
			name = Debug;
		};
		FD3406F0219F38360051BF86 /* Release */ = {
			isa = XCBuildConfiguration;
			buildSettings = {
				ALWAYS_SEARCH_USER_PATHS = NO;
				CLANG_ANALYZER_NONNULL = YES;
				CLANG_ANALYZER_NUMBER_OBJECT_CONVERSION = YES_AGGRESSIVE;
				CLANG_CXX_LANGUAGE_STANDARD = "gnu++14";
				CLANG_CXX_LIBRARY = "libc++";
				CLANG_ENABLE_MODULES = YES;
				CLANG_ENABLE_OBJC_ARC = YES;
				CLANG_ENABLE_OBJC_WEAK = YES;
				CLANG_WARN_BLOCK_CAPTURE_AUTORELEASING = YES;
				CLANG_WARN_BOOL_CONVERSION = YES;
				CLANG_WARN_COMMA = YES;
				CLANG_WARN_CONSTANT_CONVERSION = YES;
				CLANG_WARN_DEPRECATED_OBJC_IMPLEMENTATIONS = YES;
				CLANG_WARN_DIRECT_OBJC_ISA_USAGE = YES_ERROR;
				CLANG_WARN_DOCUMENTATION_COMMENTS = YES;
				CLANG_WARN_EMPTY_BODY = YES;
				CLANG_WARN_ENUM_CONVERSION = YES;
				CLANG_WARN_INFINITE_RECURSION = YES;
				CLANG_WARN_INT_CONVERSION = YES;
				CLANG_WARN_NON_LITERAL_NULL_CONVERSION = YES;
				CLANG_WARN_OBJC_IMPLICIT_RETAIN_SELF = YES;
				CLANG_WARN_OBJC_LITERAL_CONVERSION = YES;
				CLANG_WARN_OBJC_ROOT_CLASS = YES_ERROR;
				CLANG_WARN_RANGE_LOOP_ANALYSIS = YES;
				CLANG_WARN_STRICT_PROTOTYPES = YES;
				CLANG_WARN_SUSPICIOUS_MOVE = YES;
				CLANG_WARN_UNGUARDED_AVAILABILITY = YES_AGGRESSIVE;
				CLANG_WARN_UNREACHABLE_CODE = YES;
				CLANG_WARN__DUPLICATE_METHOD_MATCH = YES;
				CODE_SIGN_IDENTITY = "-";
				COPY_PHASE_STRIP = NO;
				DEBUG_INFORMATION_FORMAT = "dwarf-with-dsym";
				ENABLE_NS_ASSERTIONS = NO;
				ENABLE_STRICT_OBJC_MSGSEND = YES;
				GCC_C_LANGUAGE_STANDARD = gnu11;
				GCC_NO_COMMON_BLOCKS = YES;
				GCC_WARN_64_TO_32_BIT_CONVERSION = YES;
				GCC_WARN_ABOUT_RETURN_TYPE = YES_ERROR;
				GCC_WARN_UNDECLARED_SELECTOR = YES;
				GCC_WARN_UNINITIALIZED_AUTOS = YES_AGGRESSIVE;
				GCC_WARN_UNUSED_FUNCTION = YES;
				GCC_WARN_UNUSED_VARIABLE = YES;
				MACOSX_DEPLOYMENT_TARGET = 10.14;
				MTL_ENABLE_DEBUG_INFO = NO;
				MTL_FAST_MATH = YES;
				SDKROOT = macosx;
			};
			name = Release;
		};
		FD3406F2219F38360051BF86 /* Debug */ = {
			isa = XCBuildConfiguration;
			buildSettings = {
				CODE_SIGN_STYLE = Automatic;
				PRODUCT_NAME = "$(TARGET_NAME)";
			};
			name = Debug;
		};
		FD3406F3219F38360051BF86 /* Release */ = {
			isa = XCBuildConfiguration;
			buildSettings = {
				CODE_SIGN_STYLE = Automatic;
				PRODUCT_NAME = "$(TARGET_NAME)";
			};
			name = Release;
		};
/* End XCBuildConfiguration section */

/* Begin XCConfigurationList section */
		FD3406E5219F38360051BF86 /* Build configuration list for PBXProject "CS355_Ass1_Problem2" */ = {
			isa = XCConfigurationList;
			buildConfigurations = (
				FD3406EF219F38360051BF86 /* Debug */,
				FD3406F0219F38360051BF86 /* Release */,
			);
			defaultConfigurationIsVisible = 0;
			defaultConfigurationName = Release;
		};
		FD3406F1219F38360051BF86 /* Build configuration list for PBXNativeTarget "CS355_Ass1_Problem2" */ = {
			isa = XCConfigurationList;
			buildConfigurations = (
				FD3406F2219F38360051BF86 /* Debug */,
				FD3406F3219F38360051BF86 /* Release */,
			);
			defaultConfigurationIsVisible = 0;
			defaultConfigurationName = Release;
		};
/* End XCConfigurationList section */
	};
	rootObject = FD3406E2219F38360051BF86 /* Project object */;
}
